// !$*UTF8*$!
{
       archiveVersion = 1;
       classes = {
       };
       objectVersion = 46;
       objects = {

/* Begin PBXAggregateTarget section */
              D3CE3D047D4846D7B077B371 /* ALL_BUILD */ = {
                     isa = PBXAggregateTarget;
                     buildConfigurationList = 8376B1641740477CB6D6A68B /* Build configuration list for PBXAggregateTarget "ALL_BUILD" */;
                     buildPhases = (
                            3D93064410C94235ADC39F63 /* CMake Rules */,
                     );
                     dependencies = (
                            71D6E7B8B50E4FF99A26A2CA /* PBXTargetDependency */,
                            FD21B9BF7C2E4EAA974A1555 /* PBXTargetDependency */,
                     );
                     name = ALL_BUILD;
                     productName = ALL_BUILD;
              };
              2F789812D405442CBDBB38BB /* ZERO_CHECK */ = {
                     isa = PBXAggregateTarget;
                     buildConfigurationList = F4B7593536AF4E32BA36AF65 /* Build configuration list for PBXAggregateTarget "ZERO_CHECK" */;
                     buildPhases = (
                            BE1B60B333A4415280A5DC03 /* CMake Rules */,
                     );
                     dependencies = (
                     );
                     name = ZERO_CHECK;
                     productName = ZERO_CHECK;
              };
              9706F66AFBF5458E9B4D6DFB /* install */ = {
                     isa = PBXAggregateTarget;
                     buildConfigurationList = ACE934814795425185D9BA35 /* Build configuration list for PBXAggregateTarget "install" */;
                     buildPhases = (
                            16C13460D7B042809DC7EC17 /* CMake PostBuild Rules */,
                     );
                     dependencies = (
                            54E44CD794F244C5AEF69DEC /* PBXTargetDependency */,
                     );
                     name = install;
                     productName = install;
              };
              86D23550BF43435298A7A6FC /* stresstest_common_gch */ = {
                     isa = PBXAggregateTarget;
                     buildConfigurationList = 71ECC3E78DA84065B789A910 /* Build configuration list for PBXAggregateTarget "stresstest_common_gch" */;
                     buildPhases = (
                            9015BC634E4A49C791F5B9C6 /* CMake Rules */,
                     );
                     dependencies = (
                            764DB6F505154DE490011CE7 /* PBXTargetDependency */,
                     );
                     name = stresstest_common_gch;
                     productName = stresstest_common_gch;
              };
/* End PBXAggregateTarget section */

/* Begin PBXBuildFile section */
2FF26AB2ED0946629A92D550 /* /Users/zhangpeng/rtmp/crtmpserver/builders/cmake/applications/stresstest/CMakeLists.txt */ = {isa = PBXBuildFile; fileRef = 9856397AD58943DF8F9CD0E9 /* /Users/zhangpeng/rtmp/crtmpserver/builders/cmake/applications/stresstest/CMakeLists.txt */; settings = { COMPILER_FLAGS = ""; }; };
645B8B78631C40A8992D4DA9 /* /Users/zhangpeng/rtmp/crtmpserver/sources/applications/stresstest/src/rtmpappprotocolhandler.cpp */ = {isa = PBXBuildFile; fileRef = 72B53D2285E64E0DBC2CC134 /* /Users/zhangpeng/rtmp/crtmpserver/sources/applications/stresstest/src/rtmpappprotocolhandler.cpp */; settings = { COMPILER_FLAGS = ""; }; };
CAEA38B66D394E21996E85F0 /* /Users/zhangpeng/rtmp/crtmpserver/sources/applications/stresstest/src/stresstest.cpp */ = {isa = PBXBuildFile; fileRef = D224EB0A7EA7453CA0B48641 /* /Users/zhangpeng/rtmp/crtmpserver/sources/applications/stresstest/src/stresstest.cpp */; settings = { COMPILER_FLAGS = ""; }; };
0F3232C484DA4ED18A78E9E0 /* /Users/zhangpeng/rtmp/crtmpserver/sources/applications/stresstest/src/stresstestapplication.cpp */ = {isa = PBXBuildFile; fileRef = E6ACF1EC400142339526EBA1 /* /Users/zhangpeng/rtmp/crtmpserver/sources/applications/stresstest/src/stresstestapplication.cpp */; settings = { COMPILER_FLAGS = ""; }; };
/* End PBXBuildFile section */

/* Begin PBXBuildStyle section */
              0BCDC42BAAFC4731B2F0D943 /*  */ = {
                     isa = PBXBuildStyle;
              };
              F6178732A9AB4780B44470F1 /* Debug */ = {
                     isa = PBXBuildStyle;
                     buildSettings = {
                            COPY_PHASE_STRIP = NO;
                     };
                     name = Debug;
              };
              055E4CC9DAE344C7A1542D7F /* Release */ = {
                     isa = PBXBuildStyle;
                     buildSettings = {
                            COPY_PHASE_STRIP = NO;
                     };
                     name = Release;
              };
              C709B409B7BC4CB5BD4DBC92 /* MinSizeRel */ = {
                     isa = PBXBuildStyle;
                     buildSettings = {
                            COPY_PHASE_STRIP = NO;
                     };
                     name = MinSizeRel;
              };
              AC693E07418D40428C7A3249 /* RelWithDebInfo */ = {
                     isa = PBXBuildStyle;
                     buildSettings = {
                            COPY_PHASE_STRIP = NO;
                     };
                     name = RelWithDebInfo;
              };
/* End PBXBuildStyle section */

/* Begin PBXContainerItemProxy section */
              748870E83FB842859B533C42 /* PBXContainerItemProxy */ = {
                     isa = PBXContainerItemProxy;
                     containerPortal = 76E084B6B62D4F66BC24984B /* Project object */;
                     proxyType = 1;
                     remoteGlobalIDString = D981B1CD585B45C3A2163E7F;
                     remoteInfo = stresstest;
              };
              540C515F20A14B238F572251 /* PBXContainerItemProxy */ = {
                     isa = PBXContainerItemProxy;
                     containerPortal = 76E084B6B62D4F66BC24984B /* Project object */;
                     proxyType = 1;
                     remoteGlobalIDString = 2F789812D405442CBDBB38BB;
                     remoteInfo = ZERO_CHECK;
              };
              09A6ACD2F0524EF794F9BD3A /* PBXContainerItemProxy */ = {
                     isa = PBXContainerItemProxy;
                     containerPortal = 76E084B6B62D4F66BC24984B /* Project object */;
                     proxyType = 1;
                     remoteGlobalIDString = D3CE3D047D4846D7B077B371;
                     remoteInfo = ALL_BUILD;
              };
              775812D3F53041ECB2BE67CB /* PBXContainerItemProxy */ = {
                     isa = PBXContainerItemProxy;
                     containerPortal = 76E084B6B62D4F66BC24984B /* Project object */;
                     proxyType = 1;
                     remoteGlobalIDString = 86D23550BF43435298A7A6FC;
                     remoteInfo = stresstest_common_gch;
              };
              DC7B8B72AC6041F1B24F7CB1 /* PBXContainerItemProxy */ = {
                     isa = PBXContainerItemProxy;
                     containerPortal = 76E084B6B62D4F66BC24984B /* Project object */;
                     proxyType = 1;
                     remoteGlobalIDString = 2F789812D405442CBDBB38BB;
                     remoteInfo = ZERO_CHECK;
              };
              0DE1C068A7564EB6ABF8E97F /* PBXContainerItemProxy */ = {
                     isa = PBXContainerItemProxy;
                     containerPortal = 76E084B6B62D4F66BC24984B /* Project object */;
                     proxyType = 1;
                     remoteGlobalIDString = 2F789812D405442CBDBB38BB;
                     remoteInfo = ZERO_CHECK;
              };
/* End PBXContainerItemProxy section */

/* Begin PBXFileReference section */
9856397AD58943DF8F9CD0E9 /* /Users/zhangpeng/rtmp/crtmpserver/builders/cmake/applications/stresstest/CMakeLists.txt */ = {isa = PBXFileReference; explicitFileType = "sourcecode.text"; fileEncoding = 4; name = "CMakeLists.txt"; path = "CMakeLists.txt"; sourceTree = SOURCE_ROOT; };
72B53D2285E64E0DBC2CC134 /* /Users/zhangpeng/rtmp/crtmpserver/sources/applications/stresstest/src/rtmpappprotocolhandler.cpp */ = {isa = PBXFileReference; explicitFileType = "sourcecode.cpp.cpp"; fileEncoding = 4; name = "rtmpappprotocolhandler.cpp"; path = "../../../../sources/applications/stresstest/src/rtmpappprotocolhandler.cpp"; sourceTree = SOURCE_ROOT; };
D224EB0A7EA7453CA0B48641 /* /Users/zhangpeng/rtmp/crtmpserver/sources/applications/stresstest/src/stresstest.cpp */ = {isa = PBXFileReference; explicitFileType = "sourcecode.cpp.cpp"; fileEncoding = 4; name = "stresstest.cpp"; path = "../../../../sources/applications/stresstest/src/stresstest.cpp"; sourceTree = SOURCE_ROOT; };
E6ACF1EC400142339526EBA1 /* /Users/zhangpeng/rtmp/crtmpserver/sources/applications/stresstest/src/stresstestapplication.cpp */ = {isa = PBXFileReference; explicitFileType = "sourcecode.cpp.cpp"; fileEncoding = 4; name = "stresstestapplication.cpp"; path = "../../../../sources/applications/stresstest/src/stresstestapplication.cpp"; sourceTree = SOURCE_ROOT; };
AFF85B37AE6541DF8E0B3384 /* stresstest */ = {isa = PBXFileReference; explicitFileType = "compiled.mach-o.dylib"; path = "libstresstest.dylib"; refType = 0; sourceTree = BUILT_PRODUCTS_DIR; };
/* End PBXFileReference section */

/* Begin PBXGroup section */
              81A598DEAD734C4C9B7610A0  = {
                     isa = PBXGroup;
                     children = (
                            70D867A67D854D0D93BDE05E /* Sources */,
                            F4402F0E9A9942D784ACB776 /* Resources */,
                            08E6A129D14F477685A3D3D4 /* Products */,
                     );
                     sourceTree = "<group>";
              };
              70D867A67D854D0D93BDE05E /* Sources */ = {
                     isa = PBXGroup;
                     children = (
                            D886D6CECD7642A180E77C3E /* ALL_BUILD */,
                            BF8AD44FA1FB43478299E7CA /* ZERO_CHECK */,
                            5B014AFB2D9D459EA5ABA5D4 /* stresstest */,
                            BE4E9B534A2F4A95B055A0C4 /* stresstest_common_gch */,
                     );
                     name = Sources;
                     sourceTree = "<group>";
              };
              F4402F0E9A9942D784ACB776 /* Resources */ = {
                     isa = PBXGroup;
                     children = (
                     );
                     name = Resources;
                     sourceTree = "<group>";
              };
              D886D6CECD7642A180E77C3E /* ALL_BUILD */ = {
                     isa = PBXGroup;
                     children = (
                            60D6912ABE004727A5CB7618 /* CMake Rules */,
                            9856397AD58943DF8F9CD0E9 /* /Users/zhangpeng/rtmp/crtmpserver/builders/cmake/applications/stresstest/CMakeLists.txt */,
                     );
                     name = ALL_BUILD;
                     sourceTree = "<group>";
              };
              60D6912ABE004727A5CB7618 /* CMake Rules */ = {
                     isa = PBXGroup;
                     children = (
                     );
                     name = "CMake Rules";
                     sourceTree = "<group>";
              };
              BF8AD44FA1FB43478299E7CA /* ZERO_CHECK */ = {
                     isa = PBXGroup;
                     children = (
                            31798086456E423B8B08B7BC /* CMake Rules */,
                            9856397AD58943DF8F9CD0E9 /* /Users/zhangpeng/rtmp/crtmpserver/builders/cmake/applications/stresstest/CMakeLists.txt */,
                     );
                     name = ZERO_CHECK;
                     sourceTree = "<group>";
              };
              31798086456E423B8B08B7BC /* CMake Rules */ = {
                     isa = PBXGroup;
                     children = (
                     );
                     name = "CMake Rules";
                     sourceTree = "<group>";
              };
              5B014AFB2D9D459EA5ABA5D4 /* stresstest */ = {
                     isa = PBXGroup;
                     children = (
                            F242759CD27E41DABE239630 /* Source Files */,
                            9856397AD58943DF8F9CD0E9 /* /Users/zhangpeng/rtmp/crtmpserver/builders/cmake/applications/stresstest/CMakeLists.txt */,
                     );
                     name = stresstest;
                     sourceTree = "<group>";
              };
              F242759CD27E41DABE239630 /* Source Files */ = {
                     isa = PBXGroup;
                     children = (
                            72B53D2285E64E0DBC2CC134 /* /Users/zhangpeng/rtmp/crtmpserver/sources/applications/stresstest/src/rtmpappprotocolhandler.cpp */,
                            D224EB0A7EA7453CA0B48641 /* /Users/zhangpeng/rtmp/crtmpserver/sources/applications/stresstest/src/stresstest.cpp */,
                            E6ACF1EC400142339526EBA1 /* /Users/zhangpeng/rtmp/crtmpserver/sources/applications/stresstest/src/stresstestapplication.cpp */,
                     );
                     name = "Source Files";
                     sourceTree = "<group>";
              };
              BE4E9B534A2F4A95B055A0C4 /* stresstest_common_gch */ = {
                     isa = PBXGroup;
                     children = (
                            ABDCC5B6B44B4BFC82165778 /* CMake Rules */,
                            9856397AD58943DF8F9CD0E9 /* /Users/zhangpeng/rtmp/crtmpserver/builders/cmake/applications/stresstest/CMakeLists.txt */,
                     );
                     name = stresstest_common_gch;
                     sourceTree = "<group>";
              };
              ABDCC5B6B44B4BFC82165778 /* CMake Rules */ = {
                     isa = PBXGroup;
                     children = (
                     );
                     name = "CMake Rules";
                     sourceTree = "<group>";
              };
              08E6A129D14F477685A3D3D4 /* Products */ = {
                     isa = PBXGroup;
                     children = (
                            AFF85B37AE6541DF8E0B3384 /* stresstest */,
                     );
                     name = Products;
                     sourceTree = "<group>";
              };
/* End PBXGroup section */

/* Begin PBXNativeTarget section */
              D981B1CD585B45C3A2163E7F /* stresstest */ = {
                     isa = PBXNativeTarget;
                     buildConfigurationList = 95EA0A5EE80C4D9BBB620982 /* Build configuration list for PBXNativeTarget "stresstest" */;
                     buildPhases = (
                            4C901B3DE96C49B795352B50 /* Sources */,
                            145E126BA7614B66864475F7 /* CMake PostBuild Rules */,
                     );
                     buildRules = (
                     );
                     dependencies = (
                            906AAD2FBA7A44909B370100 /* PBXTargetDependency */,
                            DF52628E57804711B5AC3EB9 /* PBXTargetDependency */,
                     );
                     name = stresstest;
                     productName = stresstest;
                     productReference = AFF85B37AE6541DF8E0B3384 /* stresstest */;
                     productType = "com.apple.product-type.library.dynamic";
              };
/* End PBXNativeTarget section */

/* Begin PBXProject section */
              76E084B6B62D4F66BC24984B /* Project object */ = {
                     isa = PBXProject;
                     attributes = {
                            BuildIndependentTargetsInParallel = YES;
                     };
                     buildConfigurationList = D8D5C906DC1F4BF894B365A8 /* Build configuration list for PBXProject  "stresstest" */;
                     buildSettings = {
                     };
                     buildStyles = (
                            F6178732A9AB4780B44470F1 /* Debug */,
                            055E4CC9DAE344C7A1542D7F /* Release */,
                            C709B409B7BC4CB5BD4DBC92 /* MinSizeRel */,
                            AC693E07418D40428C7A3249 /* RelWithDebInfo */,
                     );
                     compatibilityVersion = "Xcode 3.2";
                     hasScannedForEncodings = 0;
                     mainGroup = 81A598DEAD734C4C9B7610A0;
                     projectDirPath = /Users/zhangpeng/rtmp/crtmpserver/builders/cmake/applications/stresstest;
                     projectRoot = "";
                     targets = (
                            D3CE3D047D4846D7B077B371 /* ALL_BUILD */,
                            2F789812D405442CBDBB38BB /* ZERO_CHECK */,
                            9706F66AFBF5458E9B4D6DFB /* install */,
                            D981B1CD585B45C3A2163E7F /* stresstest */,
                            86D23550BF43435298A7A6FC /* stresstest_common_gch */,
                     );
              };
/* End PBXProject section */

/* Begin PBXShellScriptBuildPhase section */
              C94712E093FE4EB5BD7085E3 /*  */ = {
                     isa = PBXShellScriptBuildPhase;
                     buildActionMask = 2147483647;
                     files = (
                     );
                     inputPaths = (
                     );
                     outputPaths = (
                     );
                     runOnlyForDeploymentPostprocessing = 0;
                     shellPath = /bin/sh;
                     shellScript = "# shell script goes here
exit 0";
                     showEnvVarsInLog = 0;
              };
              3D93064410C94235ADC39F63 /* CMake Rules */ = {
                     isa = PBXShellScriptBuildPhase;
                     buildActionMask = 2147483647;
                     files = (
                     );
                     name = "CMake Rules";
                     runOnlyForDeploymentPostprocessing = 0;
                     shellPath = /bin/sh;
                     shellScript = "make -C /Users/zhangpeng/rtmp/crtmpserver/builders/xcode/applications/stresstest -f /Users/zhangpeng/rtmp/crtmpserver/builders/xcode/applications/stresstest/CMakeScripts/ALL_BUILD_cmakeRulesBuildPhase.make$CONFIGURATION all";
                     showEnvVarsInLog = 0;
              };
              67B7C3933C4E449C89314EEC /*  */ = {
                     isa = PBXShellScriptBuildPhase;
                     buildActionMask = 2147483647;
                     files = (
                     );
                     inputPaths = (
                     );
                     outputPaths = (
                     );
                     runOnlyForDeploymentPostprocessing = 0;
                     shellPath = /bin/sh;
                     shellScript = "# shell script goes here
exit 0";
                     showEnvVarsInLog = 0;
              };
              BE1B60B333A4415280A5DC03 /* CMake Rules */ = {
                     isa = PBXShellScriptBuildPhase;
                     buildActionMask = 2147483647;
                     files = (
                     );
                     name = "CMake Rules";
                     runOnlyForDeploymentPostprocessing = 0;
                     shellPath = /bin/sh;
                     shellScript = "make -C /Users/zhangpeng/rtmp/crtmpserver/builders/xcode/applications/stresstest -f /Users/zhangpeng/rtmp/crtmpserver/builders/xcode/applications/stresstest/CMakeScripts/ZERO_CHECK_cmakeRulesBuildPhase.make$CONFIGURATION all";
                     showEnvVarsInLog = 0;
              };
              432AA206E59240AF814F76BE /*  */ = {
                     isa = PBXShellScriptBuildPhase;
                     buildActionMask = 2147483647;
                     files = (
                     );
                     inputPaths = (
                     );
                     outputPaths = (
                     );
                     runOnlyForDeploymentPostprocessing = 0;
                     shellPath = /bin/sh;
                     shellScript = "# shell script goes here
exit 0";
                     showEnvVarsInLog = 0;
              };
              16C13460D7B042809DC7EC17 /* CMake PostBuild Rules */ = {
                     isa = PBXShellScriptBuildPhase;
                     buildActionMask = 2147483647;
                     files = (
                     );
                     name = "CMake PostBuild Rules";
                     runOnlyForDeploymentPostprocessing = 0;
                     shellPath = /bin/sh;
                     shellScript = "make -C /Users/zhangpeng/rtmp/crtmpserver/builders/xcode/applications/stresstest -f /Users/zhangpeng/rtmp/crtmpserver/builders/xcode/applications/stresstest/CMakeScripts/install_postBuildPhase.make$CONFIGURATION all";
                     showEnvVarsInLog = 0;
              };
              145E126BA7614B66864475F7 /* CMake PostBuild Rules */ = {
                     isa = PBXShellScriptBuildPhase;
                     buildActionMask = 2147483647;
                     files = (
                     );
                     name = "CMake PostBuild Rules";
                     runOnlyForDeploymentPostprocessing = 0;
                     shellPath = /bin/sh;
                     shellScript = "make -C /Users/zhangpeng/rtmp/crtmpserver/builders/xcode/applications/stresstest -f /Users/zhangpeng/rtmp/crtmpserver/builders/xcode/applications/stresstest/CMakeScripts/stresstest_postBuildPhase.make$CONFIGURATION all";
                     showEnvVarsInLog = 0;
              };
              D3D012B7ED514FD1BA316239 /*  */ = {
                     isa = PBXShellScriptBuildPhase;
                     buildActionMask = 2147483647;
                     files = (
                     );
                     inputPaths = (
                     );
                     outputPaths = (
                     );
                     runOnlyForDeploymentPostprocessing = 0;
                     shellPath = /bin/sh;
                     shellScript = "# shell script goes here
exit 0";
                     showEnvVarsInLog = 0;
              };
              9015BC634E4A49C791F5B9C6 /* CMake Rules */ = {
                     isa = PBXShellScriptBuildPhase;
                     buildActionMask = 2147483647;
                     files = (
                     );
                     name = "CMake Rules";
                     runOnlyForDeploymentPostprocessing = 0;
                     shellPath = /bin/sh;
                     shellScript = "make -C /Users/zhangpeng/rtmp/crtmpserver/builders/xcode/applications/stresstest -f /Users/zhangpeng/rtmp/crtmpserver/builders/xcode/applications/stresstest/CMakeScripts/stresstest_common_gch_cmakeRulesBuildPhase.make$CONFIGURATION all";
                     showEnvVarsInLog = 0;
              };
/* End PBXShellScriptBuildPhase section */

/* Begin PBXSourcesBuildPhase section */
              4C901B3DE96C49B795352B50 /* Sources */ = {
                     isa = PBXSourcesBuildPhase;
                     buildActionMask = 2147483647;
                     files = (
                            645B8B78631C40A8992D4DA9 /* /Users/zhangpeng/rtmp/crtmpserver/sources/applications/stresstest/src/rtmpappprotocolhandler.cpp */,
                            CAEA38B66D394E21996E85F0 /* /Users/zhangpeng/rtmp/crtmpserver/sources/applications/stresstest/src/stresstest.cpp */,
                            0F3232C484DA4ED18A78E9E0 /* /Users/zhangpeng/rtmp/crtmpserver/sources/applications/stresstest/src/stresstestapplication.cpp */,
                     );
                     runOnlyForDeploymentPostprocessing = 0;
              };
/* End PBXSourcesBuildPhase section */

/* Begin PBXTargetDependency section */
              71D6E7B8B50E4FF99A26A2CA /* PBXTargetDependency */ = {
                     isa = PBXTargetDependency;
                     target = D981B1CD585B45C3A2163E7F /* stresstest */;
                     targetProxy = 748870E83FB842859B533C42 /* PBXContainerItemProxy */;
              };
              FD21B9BF7C2E4EAA974A1555 /* PBXTargetDependency */ = {
                     isa = PBXTargetDependency;
                     target = 2F789812D405442CBDBB38BB /* ZERO_CHECK */;
                     targetProxy = 540C515F20A14B238F572251 /* PBXContainerItemProxy */;
              };
              54E44CD794F244C5AEF69DEC /* PBXTargetDependency */ = {
                     isa = PBXTargetDependency;
                     target = D3CE3D047D4846D7B077B371 /* ALL_BUILD */;
                     targetProxy = 09A6ACD2F0524EF794F9BD3A /* PBXContainerItemProxy */;
              };
              906AAD2FBA7A44909B370100 /* PBXTargetDependency */ = {
                     isa = PBXTargetDependency;
                     target = 86D23550BF43435298A7A6FC /* stresstest_common_gch */;
                     targetProxy = 775812D3F53041ECB2BE67CB /* PBXContainerItemProxy */;
              };
              DF52628E57804711B5AC3EB9 /* PBXTargetDependency */ = {
                     isa = PBXTargetDependency;
                     target = 2F789812D405442CBDBB38BB /* ZERO_CHECK */;
                     targetProxy = DC7B8B72AC6041F1B24F7CB1 /* PBXContainerItemProxy */;
              };
              764DB6F505154DE490011CE7 /* PBXTargetDependency */ = {
                     isa = PBXTargetDependency;
                     target = 2F789812D405442CBDBB38BB /* ZERO_CHECK */;
                     targetProxy = 0DE1C068A7564EB6ABF8E97F /* PBXContainerItemProxy */;
              };
/* End PBXTargetDependency section */

/* Begin XCBuildConfiguration section */
              497AE3AAE38D4B419133D723 /* Debug */ = {
                     isa = XCBuildConfiguration;
                     buildSettings = {
                            ARCHS = "$(ARCHS_STANDARD_32_64_BIT)";
                            ONLY_ACTIVE_ARCH = YES;
                            SDKROOT = "/Applications/Xcode.app/Contents/Developer/Platforms/MacOSX.platform/Developer/SDKs/MacOSX10.11.sdk";
                            SYMROOT = /Users/zhangpeng/rtmp/crtmpserver/builders/xcode/applications/stresstest/build;
                     };
                     name = Debug;
              };
              EC7C96A31ECC4D9484465482 /* Release */ = {
                     isa = XCBuildConfiguration;
                     buildSettings = {
                            ARCHS = "$(ARCHS_STANDARD_32_64_BIT)";
                            ONLY_ACTIVE_ARCH = YES;
                            SDKROOT = "/Applications/Xcode.app/Contents/Developer/Platforms/MacOSX.platform/Developer/SDKs/MacOSX10.11.sdk";
                            SYMROOT = /Users/zhangpeng/rtmp/crtmpserver/builders/xcode/applications/stresstest/build;
                     };
                     name = Release;
              };
              EEAF9C17EEF443878ECEF2B5 /* MinSizeRel */ = {
                     isa = XCBuildConfiguration;
                     buildSettings = {
                            ARCHS = "$(ARCHS_STANDARD_32_64_BIT)";
                            ONLY_ACTIVE_ARCH = YES;
                            SDKROOT = "/Applications/Xcode.app/Contents/Developer/Platforms/MacOSX.platform/Developer/SDKs/MacOSX10.11.sdk";
                            SYMROOT = /Users/zhangpeng/rtmp/crtmpserver/builders/xcode/applications/stresstest/build;
                     };
                     name = MinSizeRel;
              };
              CBA7786D0B174D8C8CE92465 /* RelWithDebInfo */ = {
                     isa = XCBuildConfiguration;
                     buildSettings = {
                            ARCHS = "$(ARCHS_STANDARD_32_64_BIT)";
                            ONLY_ACTIVE_ARCH = YES;
                            SDKROOT = "/Applications/Xcode.app/Contents/Developer/Platforms/MacOSX.platform/Developer/SDKs/MacOSX10.11.sdk";
                            SYMROOT = /Users/zhangpeng/rtmp/crtmpserver/builders/xcode/applications/stresstest/build;
                     };
                     name = RelWithDebInfo;
              };
              D82AA3EAD2194AE18D129979 /* Debug */ = {
                     isa = XCBuildConfiguration;
                     buildSettings = {
                            COMBINE_HIDPI_IMAGES = YES;
                            GCC_GENERATE_DEBUGGING_SYMBOLS = NO;
                            GCC_INLINES_ARE_PRIVATE_EXTERN = NO;
                            GCC_OPTIMIZATION_LEVEL = 0;
                            GCC_PREPROCESSOR_DEFINITIONS = ("'CMAKE_INTDIR=\"$(CONFIGURATION)$(EFFECTIVE_PLATFORM_NAME)\"'", LITTLE_ENDIAN_BYTE_ALIGNED, HAS_PROTOCOL_HTTP, HAS_PROTOCOL_RTMP, HAS_PROTOCOL_LIVEFLV, HAS_PROTOCOL_RTP, HAS_PROTOCOL_TS, HAS_PROTOCOL_VAR, HAS_PROTOCOL_CLI, HAS_MEDIA_MP3, HAS_MEDIA_MP4, HAS_MEDIA_FLV, GLOBALLY_ACCOUNT_BYTES, "'CreateRTCPPacket=CreateRTCPPacket_mystyle_only_once'", "'FeedDataAudioMPEG4Generic=FeedDataAudioMPEG4Generic_one_by_one'", "'HandleTSVideoData=HandleVideoData_version3'", HAS_LUA, __USE_FILE_OFFSET64, "'_FILE_OFFSET_BITS=64'", OSX, NET_KQUEUE, );
                            GCC_SYMBOLS_PRIVATE_EXTERN = NO;
                            HEADER_SEARCH_PATHS = (/usr/local/include, /Users/zhangpeng/rtmp/crtmpserver/sources/common/include, /Users/zhangpeng/rtmp/crtmpserver/sources/thelib/include, /Users/zhangpeng/rtmp/crtmpserver/sources/applications/stresstest/include, );
                            INSTALL_PATH = "";
                            OTHER_CFLAGS = "  ";
                            OTHER_LDFLAGS = " ";
                            OTHER_REZFLAGS = "";
                            PRODUCT_NAME = ALL_BUILD;
                            SECTORDER_FLAGS = "";
                            SYMROOT = /Users/zhangpeng/rtmp/crtmpserver/builders/xcode/applications/stresstest;
                            USE_HEADERMAP = NO;
                            WARNING_CFLAGS = ("-Wmost", "-Wno-four-char-constants", "-Wno-unknown-pragmas", );
                     };
                     name = Debug;
              };
              9C57C1BC28834775949EC5EF /* Release */ = {
                     isa = XCBuildConfiguration;
                     buildSettings = {
                            COMBINE_HIDPI_IMAGES = YES;
                            GCC_GENERATE_DEBUGGING_SYMBOLS = NO;
                            GCC_INLINES_ARE_PRIVATE_EXTERN = NO;
                            GCC_OPTIMIZATION_LEVEL = 0;
                            GCC_PREPROCESSOR_DEFINITIONS = ("'CMAKE_INTDIR=\"$(CONFIGURATION)$(EFFECTIVE_PLATFORM_NAME)\"'", LITTLE_ENDIAN_BYTE_ALIGNED, HAS_PROTOCOL_HTTP, HAS_PROTOCOL_RTMP, HAS_PROTOCOL_LIVEFLV, HAS_PROTOCOL_RTP, HAS_PROTOCOL_TS, HAS_PROTOCOL_VAR, HAS_PROTOCOL_CLI, HAS_MEDIA_MP3, HAS_MEDIA_MP4, HAS_MEDIA_FLV, GLOBALLY_ACCOUNT_BYTES, "'CreateRTCPPacket=CreateRTCPPacket_mystyle_only_once'", "'FeedDataAudioMPEG4Generic=FeedDataAudioMPEG4Generic_one_by_one'", "'HandleTSVideoData=HandleVideoData_version3'", HAS_LUA, __USE_FILE_OFFSET64, "'_FILE_OFFSET_BITS=64'", OSX, NET_KQUEUE, );
                            GCC_SYMBOLS_PRIVATE_EXTERN = NO;
                            HEADER_SEARCH_PATHS = (/usr/local/include, /Users/zhangpeng/rtmp/crtmpserver/sources/common/include, /Users/zhangpeng/rtmp/crtmpserver/sources/thelib/include, /Users/zhangpeng/rtmp/crtmpserver/sources/applications/stresstest/include, );
                            INSTALL_PATH = "";
                            OTHER_CFLAGS = "  ";
                            OTHER_LDFLAGS = " ";
                            OTHER_REZFLAGS = "";
                            PRODUCT_NAME = ALL_BUILD;
                            SECTORDER_FLAGS = "";
                            SYMROOT = /Users/zhangpeng/rtmp/crtmpserver/builders/xcode/applications/stresstest;
                            USE_HEADERMAP = NO;
                            WARNING_CFLAGS = ("-Wmost", "-Wno-four-char-constants", "-Wno-unknown-pragmas", );
                     };
                     name = Release;
              };
              FA9CE2C4FB6D475BA0C097F2 /* MinSizeRel */ = {
                     isa = XCBuildConfiguration;
                     buildSettings = {
                            COMBINE_HIDPI_IMAGES = YES;
                            GCC_GENERATE_DEBUGGING_SYMBOLS = NO;
                            GCC_INLINES_ARE_PRIVATE_EXTERN = NO;
                            GCC_OPTIMIZATION_LEVEL = 0;
                            GCC_PREPROCESSOR_DEFINITIONS = ("'CMAKE_INTDIR=\"$(CONFIGURATION)$(EFFECTIVE_PLATFORM_NAME)\"'", LITTLE_ENDIAN_BYTE_ALIGNED, HAS_PROTOCOL_HTTP, HAS_PROTOCOL_RTMP, HAS_PROTOCOL_LIVEFLV, HAS_PROTOCOL_RTP, HAS_PROTOCOL_TS, HAS_PROTOCOL_VAR, HAS_PROTOCOL_CLI, HAS_MEDIA_MP3, HAS_MEDIA_MP4, HAS_MEDIA_FLV, GLOBALLY_ACCOUNT_BYTES, "'CreateRTCPPacket=CreateRTCPPacket_mystyle_only_once'", "'FeedDataAudioMPEG4Generic=FeedDataAudioMPEG4Generic_one_by_one'", "'HandleTSVideoData=HandleVideoData_version3'", HAS_LUA, __USE_FILE_OFFSET64, "'_FILE_OFFSET_BITS=64'", OSX, NET_KQUEUE, );
                            GCC_SYMBOLS_PRIVATE_EXTERN = NO;
                            HEADER_SEARCH_PATHS = (/usr/local/include, /Users/zhangpeng/rtmp/crtmpserver/sources/common/include, /Users/zhangpeng/rtmp/crtmpserver/sources/thelib/include, /Users/zhangpeng/rtmp/crtmpserver/sources/applications/stresstest/include, );
                            INSTALL_PATH = "";
                            OTHER_CFLAGS = "  ";
                            OTHER_LDFLAGS = " ";
                            OTHER_REZFLAGS = "";
                            PRODUCT_NAME = ALL_BUILD;
                            SECTORDER_FLAGS = "";
                            SYMROOT = /Users/zhangpeng/rtmp/crtmpserver/builders/xcode/applications/stresstest;
                            USE_HEADERMAP = NO;
                            WARNING_CFLAGS = ("-Wmost", "-Wno-four-char-constants", "-Wno-unknown-pragmas", );
                     };
                     name = MinSizeRel;
              };
              2AB3E4C42E0941B09CD456D2 /* RelWithDebInfo */ = {
                     isa = XCBuildConfiguration;
                     buildSettings = {
                            COMBINE_HIDPI_IMAGES = YES;
                            GCC_GENERATE_DEBUGGING_SYMBOLS = NO;
                            GCC_INLINES_ARE_PRIVATE_EXTERN = NO;
                            GCC_OPTIMIZATION_LEVEL = 0;
                            GCC_PREPROCESSOR_DEFINITIONS = ("'CMAKE_INTDIR=\"$(CONFIGURATION)$(EFFECTIVE_PLATFORM_NAME)\"'", LITTLE_ENDIAN_BYTE_ALIGNED, HAS_PROTOCOL_HTTP, HAS_PROTOCOL_RTMP, HAS_PROTOCOL_LIVEFLV, HAS_PROTOCOL_RTP, HAS_PROTOCOL_TS, HAS_PROTOCOL_VAR, HAS_PROTOCOL_CLI, HAS_MEDIA_MP3, HAS_MEDIA_MP4, HAS_MEDIA_FLV, GLOBALLY_ACCOUNT_BYTES, "'CreateRTCPPacket=CreateRTCPPacket_mystyle_only_once'", "'FeedDataAudioMPEG4Generic=FeedDataAudioMPEG4Generic_one_by_one'", "'HandleTSVideoData=HandleVideoData_version3'", HAS_LUA, __USE_FILE_OFFSET64, "'_FILE_OFFSET_BITS=64'", OSX, NET_KQUEUE, );
                            GCC_SYMBOLS_PRIVATE_EXTERN = NO;
                            HEADER_SEARCH_PATHS = (/usr/local/include, /Users/zhangpeng/rtmp/crtmpserver/sources/common/include, /Users/zhangpeng/rtmp/crtmpserver/sources/thelib/include, /Users/zhangpeng/rtmp/crtmpserver/sources/applications/stresstest/include, );
                            INSTALL_PATH = "";
                            OTHER_CFLAGS = "  ";
                            OTHER_LDFLAGS = " ";
                            OTHER_REZFLAGS = "";
                            PRODUCT_NAME = ALL_BUILD;
                            SECTORDER_FLAGS = "";
                            SYMROOT = /Users/zhangpeng/rtmp/crtmpserver/builders/xcode/applications/stresstest;
                            USE_HEADERMAP = NO;
                            WARNING_CFLAGS = ("-Wmost", "-Wno-four-char-constants", "-Wno-unknown-pragmas", );
                     };
                     name = RelWithDebInfo;
              };
              CF9C7BBD91CC40FBAF9C1169 /* Debug */ = {
                     isa = XCBuildConfiguration;
                     buildSettings = {
                            COMBINE_HIDPI_IMAGES = YES;
                            GCC_GENERATE_DEBUGGING_SYMBOLS = NO;
                            GCC_INLINES_ARE_PRIVATE_EXTERN = NO;
                            GCC_OPTIMIZATION_LEVEL = 0;
                            GCC_PREPROCESSOR_DEFINITIONS = ("'CMAKE_INTDIR=\"$(CONFIGURATION)$(EFFECTIVE_PLATFORM_NAME)\"'", LITTLE_ENDIAN_BYTE_ALIGNED, HAS_PROTOCOL_HTTP, HAS_PROTOCOL_RTMP, HAS_PROTOCOL_LIVEFLV, HAS_PROTOCOL_RTP, HAS_PROTOCOL_TS, HAS_PROTOCOL_VAR, HAS_PROTOCOL_CLI, HAS_MEDIA_MP3, HAS_MEDIA_MP4, HAS_MEDIA_FLV, GLOBALLY_ACCOUNT_BYTES, "'CreateRTCPPacket=CreateRTCPPacket_mystyle_only_once'", "'FeedDataAudioMPEG4Generic=FeedDataAudioMPEG4Generic_one_by_one'", "'HandleTSVideoData=HandleVideoData_version3'", HAS_LUA, __USE_FILE_OFFSET64, "'_FILE_OFFSET_BITS=64'", OSX, NET_KQUEUE, );
                            GCC_SYMBOLS_PRIVATE_EXTERN = NO;
                            HEADER_SEARCH_PATHS = (/usr/local/include, /Users/zhangpeng/rtmp/crtmpserver/sources/common/include, /Users/zhangpeng/rtmp/crtmpserver/sources/thelib/include, /Users/zhangpeng/rtmp/crtmpserver/sources/applications/stresstest/include, );
                            INSTALL_PATH = "";
                            OTHER_CFLAGS = "  ";
                            OTHER_LDFLAGS = " ";
                            OTHER_REZFLAGS = "";
                            PRODUCT_NAME = ZERO_CHECK;
                            SECTORDER_FLAGS = "";
                            SYMROOT = /Users/zhangpeng/rtmp/crtmpserver/builders/xcode/applications/stresstest;
                            USE_HEADERMAP = NO;
                            WARNING_CFLAGS = ("-Wmost", "-Wno-four-char-constants", "-Wno-unknown-pragmas", );
                     };
                     name = Debug;
              };
              B73A93BCC1F042E2B7640158 /* Release */ = {
                     isa = XCBuildConfiguration;
                     buildSettings = {
                            COMBINE_HIDPI_IMAGES = YES;
                            GCC_GENERATE_DEBUGGING_SYMBOLS = NO;
                            GCC_INLINES_ARE_PRIVATE_EXTERN = NO;
                            GCC_OPTIMIZATION_LEVEL = 0;
                            GCC_PREPROCESSOR_DEFINITIONS = ("'CMAKE_INTDIR=\"$(CONFIGURATION)$(EFFECTIVE_PLATFORM_NAME)\"'", LITTLE_ENDIAN_BYTE_ALIGNED, HAS_PROTOCOL_HTTP, HAS_PROTOCOL_RTMP, HAS_PROTOCOL_LIVEFLV, HAS_PROTOCOL_RTP, HAS_PROTOCOL_TS, HAS_PROTOCOL_VAR, HAS_PROTOCOL_CLI, HAS_MEDIA_MP3, HAS_MEDIA_MP4, HAS_MEDIA_FLV, GLOBALLY_ACCOUNT_BYTES, "'CreateRTCPPacket=CreateRTCPPacket_mystyle_only_once'", "'FeedDataAudioMPEG4Generic=FeedDataAudioMPEG4Generic_one_by_one'", "'HandleTSVideoData=HandleVideoData_version3'", HAS_LUA, __USE_FILE_OFFSET64, "'_FILE_OFFSET_BITS=64'", OSX, NET_KQUEUE, );
                            GCC_SYMBOLS_PRIVATE_EXTERN = NO;
                            HEADER_SEARCH_PATHS = (/usr/local/include, /Users/zhangpeng/rtmp/crtmpserver/sources/common/include, /Users/zhangpeng/rtmp/crtmpserver/sources/thelib/include, /Users/zhangpeng/rtmp/crtmpserver/sources/applications/stresstest/include, );
                            INSTALL_PATH = "";
                            OTHER_CFLAGS = "  ";
                            OTHER_LDFLAGS = " ";
                            OTHER_REZFLAGS = "";
                            PRODUCT_NAME = ZERO_CHECK;
                            SECTORDER_FLAGS = "";
                            SYMROOT = /Users/zhangpeng/rtmp/crtmpserver/builders/xcode/applications/stresstest;
                            USE_HEADERMAP = NO;
                            WARNING_CFLAGS = ("-Wmost", "-Wno-four-char-constants", "-Wno-unknown-pragmas", );
                     };
                     name = Release;
              };
              A1154D6E90E044A3A698F8FA /* MinSizeRel */ = {
                     isa = XCBuildConfiguration;
                     buildSettings = {
                            COMBINE_HIDPI_IMAGES = YES;
                            GCC_GENERATE_DEBUGGING_SYMBOLS = NO;
                            GCC_INLINES_ARE_PRIVATE_EXTERN = NO;
                            GCC_OPTIMIZATION_LEVEL = 0;
                            GCC_PREPROCESSOR_DEFINITIONS = ("'CMAKE_INTDIR=\"$(CONFIGURATION)$(EFFECTIVE_PLATFORM_NAME)\"'", LITTLE_ENDIAN_BYTE_ALIGNED, HAS_PROTOCOL_HTTP, HAS_PROTOCOL_RTMP, HAS_PROTOCOL_LIVEFLV, HAS_PROTOCOL_RTP, HAS_PROTOCOL_TS, HAS_PROTOCOL_VAR, HAS_PROTOCOL_CLI, HAS_MEDIA_MP3, HAS_MEDIA_MP4, HAS_MEDIA_FLV, GLOBALLY_ACCOUNT_BYTES, "'CreateRTCPPacket=CreateRTCPPacket_mystyle_only_once'", "'FeedDataAudioMPEG4Generic=FeedDataAudioMPEG4Generic_one_by_one'", "'HandleTSVideoData=HandleVideoData_version3'", HAS_LUA, __USE_FILE_OFFSET64, "'_FILE_OFFSET_BITS=64'", OSX, NET_KQUEUE, );
                            GCC_SYMBOLS_PRIVATE_EXTERN = NO;
                            HEADER_SEARCH_PATHS = (/usr/local/include, /Users/zhangpeng/rtmp/crtmpserver/sources/common/include, /Users/zhangpeng/rtmp/crtmpserver/sources/thelib/include, /Users/zhangpeng/rtmp/crtmpserver/sources/applications/stresstest/include, );
                            INSTALL_PATH = "";
                            OTHER_CFLAGS = "  ";
                            OTHER_LDFLAGS = " ";
                            OTHER_REZFLAGS = "";
                            PRODUCT_NAME = ZERO_CHECK;
                            SECTORDER_FLAGS = "";
                            SYMROOT = /Users/zhangpeng/rtmp/crtmpserver/builders/xcode/applications/stresstest;
                            USE_HEADERMAP = NO;
                            WARNING_CFLAGS = ("-Wmost", "-Wno-four-char-constants", "-Wno-unknown-pragmas", );
                     };
                     name = MinSizeRel;
              };
              74CFDE3806794239B1117EEE /* RelWithDebInfo */ = {
                     isa = XCBuildConfiguration;
                     buildSettings = {
                            COMBINE_HIDPI_IMAGES = YES;
                            GCC_GENERATE_DEBUGGING_SYMBOLS = NO;
                            GCC_INLINES_ARE_PRIVATE_EXTERN = NO;
                            GCC_OPTIMIZATION_LEVEL = 0;
                            GCC_PREPROCESSOR_DEFINITIONS = ("'CMAKE_INTDIR=\"$(CONFIGURATION)$(EFFECTIVE_PLATFORM_NAME)\"'", LITTLE_ENDIAN_BYTE_ALIGNED, HAS_PROTOCOL_HTTP, HAS_PROTOCOL_RTMP, HAS_PROTOCOL_LIVEFLV, HAS_PROTOCOL_RTP, HAS_PROTOCOL_TS, HAS_PROTOCOL_VAR, HAS_PROTOCOL_CLI, HAS_MEDIA_MP3, HAS_MEDIA_MP4, HAS_MEDIA_FLV, GLOBALLY_ACCOUNT_BYTES, "'CreateRTCPPacket=CreateRTCPPacket_mystyle_only_once'", "'FeedDataAudioMPEG4Generic=FeedDataAudioMPEG4Generic_one_by_one'", "'HandleTSVideoData=HandleVideoData_version3'", HAS_LUA, __USE_FILE_OFFSET64, "'_FILE_OFFSET_BITS=64'", OSX, NET_KQUEUE, );
                            GCC_SYMBOLS_PRIVATE_EXTERN = NO;
                            HEADER_SEARCH_PATHS = (/usr/local/include, /Users/zhangpeng/rtmp/crtmpserver/sources/common/include, /Users/zhangpeng/rtmp/crtmpserver/sources/thelib/include, /Users/zhangpeng/rtmp/crtmpserver/sources/applications/stresstest/include, );
                            INSTALL_PATH = "";
                            OTHER_CFLAGS = "  ";
                            OTHER_LDFLAGS = " ";
                            OTHER_REZFLAGS = "";
                            PRODUCT_NAME = ZERO_CHECK;
                            SECTORDER_FLAGS = "";
                            SYMROOT = /Users/zhangpeng/rtmp/crtmpserver/builders/xcode/applications/stresstest;
                            USE_HEADERMAP = NO;
                            WARNING_CFLAGS = ("-Wmost", "-Wno-four-char-constants", "-Wno-unknown-pragmas", );
                     };
                     name = RelWithDebInfo;
              };
              0635B338428E4AF8BF04E876 /* Debug */ = {
                     isa = XCBuildConfiguration;
                     buildSettings = {
                            COMBINE_HIDPI_IMAGES = YES;
                            GCC_GENERATE_DEBUGGING_SYMBOLS = NO;
                            GCC_INLINES_ARE_PRIVATE_EXTERN = NO;
                            GCC_OPTIMIZATION_LEVEL = 0;
                            GCC_PREPROCESSOR_DEFINITIONS = ("'CMAKE_INTDIR=\"$(CONFIGURATION)$(EFFECTIVE_PLATFORM_NAME)\"'", );
                            GCC_SYMBOLS_PRIVATE_EXTERN = NO;
                            HEADER_SEARCH_PATHS = (/usr/local/include, /Users/zhangpeng/rtmp/crtmpserver/sources/common/include, /Users/zhangpeng/rtmp/crtmpserver/sources/thelib/include, /Users/zhangpeng/rtmp/crtmpserver/sources/applications/stresstest/include, );
                            INSTALL_PATH = "";
                            OTHER_CFLAGS = "  ";
                            OTHER_LDFLAGS = " ";
                            OTHER_REZFLAGS = "";
                            PRODUCT_NAME = install;
                            SECTORDER_FLAGS = "";
                            SYMROOT = /Users/zhangpeng/rtmp/crtmpserver/builders/xcode/applications/stresstest;
                            USE_HEADERMAP = NO;
                            WARNING_CFLAGS = ("-Wmost", "-Wno-four-char-constants", "-Wno-unknown-pragmas", );
                     };
                     name = Debug;
              };
              1C9C6E29A3B94BE194D4ABC6 /* Release */ = {
                     isa = XCBuildConfiguration;
                     buildSettings = {
                            COMBINE_HIDPI_IMAGES = YES;
                            GCC_GENERATE_DEBUGGING_SYMBOLS = NO;
                            GCC_INLINES_ARE_PRIVATE_EXTERN = NO;
                            GCC_OPTIMIZATION_LEVEL = 0;
                            GCC_PREPROCESSOR_DEFINITIONS = ("'CMAKE_INTDIR=\"$(CONFIGURATION)$(EFFECTIVE_PLATFORM_NAME)\"'", );
                            GCC_SYMBOLS_PRIVATE_EXTERN = NO;
                            HEADER_SEARCH_PATHS = (/usr/local/include, /Users/zhangpeng/rtmp/crtmpserver/sources/common/include, /Users/zhangpeng/rtmp/crtmpserver/sources/thelib/include, /Users/zhangpeng/rtmp/crtmpserver/sources/applications/stresstest/include, );
                            INSTALL_PATH = "";
                            OTHER_CFLAGS = "  ";
                            OTHER_LDFLAGS = " ";
                            OTHER_REZFLAGS = "";
                            PRODUCT_NAME = install;
                            SECTORDER_FLAGS = "";
                            SYMROOT = /Users/zhangpeng/rtmp/crtmpserver/builders/xcode/applications/stresstest;
                            USE_HEADERMAP = NO;
                            WARNING_CFLAGS = ("-Wmost", "-Wno-four-char-constants", "-Wno-unknown-pragmas", );
                     };
                     name = Release;
              };
              FEAEF35CD4D4406F8A04EF82 /* MinSizeRel */ = {
                     isa = XCBuildConfiguration;
                     buildSettings = {
                            COMBINE_HIDPI_IMAGES = YES;
                            GCC_GENERATE_DEBUGGING_SYMBOLS = NO;
                            GCC_INLINES_ARE_PRIVATE_EXTERN = NO;
                            GCC_OPTIMIZATION_LEVEL = 0;
                            GCC_PREPROCESSOR_DEFINITIONS = ("'CMAKE_INTDIR=\"$(CONFIGURATION)$(EFFECTIVE_PLATFORM_NAME)\"'", );
                            GCC_SYMBOLS_PRIVATE_EXTERN = NO;
                            HEADER_SEARCH_PATHS = (/usr/local/include, /Users/zhangpeng/rtmp/crtmpserver/sources/common/include, /Users/zhangpeng/rtmp/crtmpserver/sources/thelib/include, /Users/zhangpeng/rtmp/crtmpserver/sources/applications/stresstest/include, );
                            INSTALL_PATH = "";
                            OTHER_CFLAGS = "  ";
                            OTHER_LDFLAGS = " ";
                            OTHER_REZFLAGS = "";
                            PRODUCT_NAME = install;
                            SECTORDER_FLAGS = "";
                            SYMROOT = /Users/zhangpeng/rtmp/crtmpserver/builders/xcode/applications/stresstest;
                            USE_HEADERMAP = NO;
                            WARNING_CFLAGS = ("-Wmost", "-Wno-four-char-constants", "-Wno-unknown-pragmas", );
                     };
                     name = MinSizeRel;
              };
              90CDFA9F355142E68B65A74A /* RelWithDebInfo */ = {
                     isa = XCBuildConfiguration;
                     buildSettings = {
                            COMBINE_HIDPI_IMAGES = YES;
                            GCC_GENERATE_DEBUGGING_SYMBOLS = NO;
                            GCC_INLINES_ARE_PRIVATE_EXTERN = NO;
                            GCC_OPTIMIZATION_LEVEL = 0;
                            GCC_PREPROCESSOR_DEFINITIONS = ("'CMAKE_INTDIR=\"$(CONFIGURATION)$(EFFECTIVE_PLATFORM_NAME)\"'", );
                            GCC_SYMBOLS_PRIVATE_EXTERN = NO;
                            HEADER_SEARCH_PATHS = (/usr/local/include, /Users/zhangpeng/rtmp/crtmpserver/sources/common/include, /Users/zhangpeng/rtmp/crtmpserver/sources/thelib/include, /Users/zhangpeng/rtmp/crtmpserver/sources/applications/stresstest/include, );
                            INSTALL_PATH = "";
                            OTHER_CFLAGS = "  ";
                            OTHER_LDFLAGS = " ";
                            OTHER_REZFLAGS = "";
                            PRODUCT_NAME = install;
                            SECTORDER_FLAGS = "";
                            SYMROOT = /Users/zhangpeng/rtmp/crtmpserver/builders/xcode/applications/stresstest;
                            USE_HEADERMAP = NO;
                            WARNING_CFLAGS = ("-Wmost", "-Wno-four-char-constants", "-Wno-unknown-pragmas", );
                     };
                     name = RelWithDebInfo;
              };
              74FA81E959704DF392833762 /* Debug */ = {
                     isa = XCBuildConfiguration;
                     buildSettings = {
                            COMBINE_HIDPI_IMAGES = YES;
                            DYLIB_COMPATIBILITY_VERSION = "";
                            DYLIB_CURRENT_VERSION = "";
                            EXECUTABLE_PREFIX = lib;
                            EXECUTABLE_SUFFIX = ".dylib";
                            GCC_GENERATE_DEBUGGING_SYMBOLS = YES;
                            GCC_INLINES_ARE_PRIVATE_EXTERN = NO;
                            GCC_OPTIMIZATION_LEVEL = 0;
                            GCC_PREPROCESSOR_DEFINITIONS = ("'CMAKE_INTDIR=\"$(CONFIGURATION)$(EFFECTIVE_PLATFORM_NAME)\"'", stresstest_EXPORTS, LITTLE_ENDIAN_BYTE_ALIGNED, HAS_PROTOCOL_HTTP, HAS_PROTOCOL_RTMP, HAS_PROTOCOL_LIVEFLV, HAS_PROTOCOL_RTP, HAS_PROTOCOL_TS, HAS_PROTOCOL_VAR, HAS_PROTOCOL_CLI, HAS_MEDIA_MP3, HAS_MEDIA_MP4, HAS_MEDIA_FLV, GLOBALLY_ACCOUNT_BYTES, "'CreateRTCPPacket=CreateRTCPPacket_mystyle_only_once'", "'FeedDataAudioMPEG4Generic=FeedDataAudioMPEG4Generic_one_by_one'", "'HandleTSVideoData=HandleVideoData_version3'", HAS_LUA, __USE_FILE_OFFSET64, "'_FILE_OFFSET_BITS=64'", OSX, NET_KQUEUE, );
                            GCC_SYMBOLS_PRIVATE_EXTERN = NO;
                            HEADER_SEARCH_PATHS = (/usr/local/include, /Users/zhangpeng/rtmp/crtmpserver/sources/common/include, /Users/zhangpeng/rtmp/crtmpserver/sources/thelib/include, /Users/zhangpeng/rtmp/crtmpserver/sources/applications/stresstest/include, );
                            INSTALL_PATH = /Users/zhangpeng/rtmp/crtmpserver/builders/xcode/applications/stresstest/Debug;
                            LIBRARY_SEARCH_PATHS = "";
                            LIBRARY_STYLE = DYNAMIC;
                            OTHER_CFLAGS = " -Wall -Wunused-private-field -mmacosx-version-min=10.5    -fPIC -I/Users/zhangpeng/rtmp/crtmpserver/builders/xcode/precompiled.gch/Debug.c++ -include common.h -Winvalid-pch  ";
                            OTHER_CPLUSPLUSFLAGS = " -Wall -Wunused-private-field -mmacosx-version-min=10.5 -fno-rtti        -DWITH_SANITY_INPUT_BUFFER -DVALIDATE_FROMAT_SPECIFIERS -Wformat=2 -fPIC -I/Users/zhangpeng/rtmp/crtmpserver/builders/xcode/precompiled.gch/Debug.c++ -include common.h -Winvalid-pch  ";
                            OTHER_LDFLAGS = "  -dynamiclib -Wl,-headerpad_max_install_names  /Users/zhangpeng/rtmp/crtmpserver/builders/xcode/thelib/Debug/libthelib.dylib /Users/zhangpeng/rtmp/crtmpserver/builders/xcode/common/Debug/libcommon.dylib /usr/local/lib/liblua.dylib /usr/local/lib/libtinyxml.dylib /usr/lib/libdl.dylib /usr/lib/libssl.dylib /usr/lib/libcrypto.dylib";
                            OTHER_REZFLAGS = "";
                            PRODUCT_NAME = stresstest;
                            SECTORDER_FLAGS = "";
                            SYMROOT = /Users/zhangpeng/rtmp/crtmpserver/builders/xcode/applications/stresstest;
                            USE_HEADERMAP = NO;
                            WARNING_CFLAGS = ("-Wmost", "-Wno-four-char-constants", "-Wno-unknown-pragmas", );
                     };
                     name = Debug;
              };
              E46E9F0C7C544AF1825A7A0A /* Release */ = {
                     isa = XCBuildConfiguration;
                     buildSettings = {
                            COMBINE_HIDPI_IMAGES = YES;
                            DYLIB_COMPATIBILITY_VERSION = "";
                            DYLIB_CURRENT_VERSION = "";
                            EXECUTABLE_PREFIX = lib;
                            EXECUTABLE_SUFFIX = ".dylib";
                            GCC_GENERATE_DEBUGGING_SYMBOLS = NO;
                            GCC_INLINES_ARE_PRIVATE_EXTERN = NO;
                            GCC_OPTIMIZATION_LEVEL = 3;
                            GCC_PREPROCESSOR_DEFINITIONS = ("'CMAKE_INTDIR=\"$(CONFIGURATION)$(EFFECTIVE_PLATFORM_NAME)\"'", stresstest_EXPORTS, LITTLE_ENDIAN_BYTE_ALIGNED, HAS_PROTOCOL_HTTP, HAS_PROTOCOL_RTMP, HAS_PROTOCOL_LIVEFLV, HAS_PROTOCOL_RTP, HAS_PROTOCOL_TS, HAS_PROTOCOL_VAR, HAS_PROTOCOL_CLI, HAS_MEDIA_MP3, HAS_MEDIA_MP4, HAS_MEDIA_FLV, GLOBALLY_ACCOUNT_BYTES, "'CreateRTCPPacket=CreateRTCPPacket_mystyle_only_once'", "'FeedDataAudioMPEG4Generic=FeedDataAudioMPEG4Generic_one_by_one'", "'HandleTSVideoData=HandleVideoData_version3'", HAS_LUA, __USE_FILE_OFFSET64, "'_FILE_OFFSET_BITS=64'", OSX, NET_KQUEUE, );
                            GCC_SYMBOLS_PRIVATE_EXTERN = NO;
                            HEADER_SEARCH_PATHS = (/usr/local/include, /Users/zhangpeng/rtmp/crtmpserver/sources/common/include, /Users/zhangpeng/rtmp/crtmpserver/sources/thelib/include, /Users/zhangpeng/rtmp/crtmpserver/sources/applications/stresstest/include, );
                            INSTALL_PATH = /Users/zhangpeng/rtmp/crtmpserver/builders/xcode/applications/stresstest/Release;
                            LIBRARY_SEARCH_PATHS = "";
                            LIBRARY_STYLE = DYNAMIC;
                            OTHER_CFLAGS = " -Wall -Wunused-private-field -mmacosx-version-min=10.5     -DNDEBUG -fPIC -I/Users/zhangpeng/rtmp/crtmpserver/builders/xcode/precompiled.gch/Debug.c++ -include common.h -Winvalid-pch   ";
                            OTHER_CPLUSPLUSFLAGS = " -Wall -Wunused-private-field -mmacosx-version-min=10.5 -fno-rtti        -fvisibility=hidden -fno-strict-aliasing -DSHORT_PATH_IN_LOGGER=41 -fPIC -I/Users/zhangpeng/rtmp/crtmpserver/builders/xcode/precompiled.gch/Debug.c++ -include common.h -Winvalid-pch -g  ";
                            OTHER_LDFLAGS = "  -dynamiclib -Wl,-headerpad_max_install_names  /Users/zhangpeng/rtmp/crtmpserver/builders/xcode/thelib/Release/libthelib.dylib /Users/zhangpeng/rtmp/crtmpserver/builders/xcode/common/Release/libcommon.dylib /usr/local/lib/liblua.dylib /usr/local/lib/libtinyxml.dylib /usr/lib/libdl.dylib /usr/lib/libssl.dylib /usr/lib/libcrypto.dylib";
                            OTHER_REZFLAGS = "";
                            PRODUCT_NAME = stresstest;
                            SECTORDER_FLAGS = "";
                            SYMROOT = /Users/zhangpeng/rtmp/crtmpserver/builders/xcode/applications/stresstest;
                            USE_HEADERMAP = NO;
                            WARNING_CFLAGS = ("-Wmost", "-Wno-four-char-constants", "-Wno-unknown-pragmas", );
                     };
                     name = Release;
              };
              FCD2A5DA213141BFA6077EDC /* MinSizeRel */ = {
                     isa = XCBuildConfiguration;
                     buildSettings = {
                            COMBINE_HIDPI_IMAGES = YES;
                            DYLIB_COMPATIBILITY_VERSION = "";
                            DYLIB_CURRENT_VERSION = "";
                            EXECUTABLE_PREFIX = lib;
                            EXECUTABLE_SUFFIX = ".dylib";
                            GCC_GENERATE_DEBUGGING_SYMBOLS = NO;
                            GCC_INLINES_ARE_PRIVATE_EXTERN = NO;
                            GCC_OPTIMIZATION_LEVEL = s;
                            GCC_PREPROCESSOR_DEFINITIONS = ("'CMAKE_INTDIR=\"$(CONFIGURATION)$(EFFECTIVE_PLATFORM_NAME)\"'", stresstest_EXPORTS, LITTLE_ENDIAN_BYTE_ALIGNED, HAS_PROTOCOL_HTTP, HAS_PROTOCOL_RTMP, HAS_PROTOCOL_LIVEFLV, HAS_PROTOCOL_RTP, HAS_PROTOCOL_TS, HAS_PROTOCOL_VAR, HAS_PROTOCOL_CLI, HAS_MEDIA_MP3, HAS_MEDIA_MP4, HAS_MEDIA_FLV, GLOBALLY_ACCOUNT_BYTES, "'CreateRTCPPacket=CreateRTCPPacket_mystyle_only_once'", "'FeedDataAudioMPEG4Generic=FeedDataAudioMPEG4Generic_one_by_one'", "'HandleTSVideoData=HandleVideoData_version3'", HAS_LUA, __USE_FILE_OFFSET64, "'_FILE_OFFSET_BITS=64'", OSX, NET_KQUEUE, );
                            GCC_SYMBOLS_PRIVATE_EXTERN = NO;
                            HEADER_SEARCH_PATHS = (/usr/local/include, /Users/zhangpeng/rtmp/crtmpserver/sources/common/include, /Users/zhangpeng/rtmp/crtmpserver/sources/thelib/include, /Users/zhangpeng/rtmp/crtmpserver/sources/applications/stresstest/include, );
                            INSTALL_PATH = /Users/zhangpeng/rtmp/crtmpserver/builders/xcode/applications/stresstest/MinSizeRel;
                            LIBRARY_SEARCH_PATHS = "";
                            LIBRARY_STYLE = DYNAMIC;
                            OTHER_CFLAGS = " -Wall -Wunused-private-field -mmacosx-version-min=10.5     -DNDEBUG -fPIC -I/Users/zhangpeng/rtmp/crtmpserver/builders/xcode/precompiled.gch/Debug.c++ -include common.h -Winvalid-pch  ";
                            OTHER_CPLUSPLUSFLAGS = " -Wall -Wunused-private-field -mmacosx-version-min=10.5 -fno-rtti     -DNDEBUG -fPIC -I/Users/zhangpeng/rtmp/crtmpserver/builders/xcode/precompiled.gch/Debug.c++ -include common.h -Winvalid-pch  ";
                            OTHER_LDFLAGS = "  -dynamiclib -Wl,-headerpad_max_install_names  /Users/zhangpeng/rtmp/crtmpserver/builders/xcode/thelib/MinSizeRel/libthelib.dylib /Users/zhangpeng/rtmp/crtmpserver/builders/xcode/common/MinSizeRel/libcommon.dylib /usr/local/lib/liblua.dylib /usr/local/lib/libtinyxml.dylib /usr/lib/libdl.dylib /usr/lib/libssl.dylib /usr/lib/libcrypto.dylib";
                            OTHER_REZFLAGS = "";
                            PRODUCT_NAME = stresstest;
                            SECTORDER_FLAGS = "";
                            SYMROOT = /Users/zhangpeng/rtmp/crtmpserver/builders/xcode/applications/stresstest;
                            USE_HEADERMAP = NO;
                            WARNING_CFLAGS = ("-Wmost", "-Wno-four-char-constants", "-Wno-unknown-pragmas", );
                     };
                     name = MinSizeRel;
              };
              01C37F1B48594CD0B5B38223 /* RelWithDebInfo */ = {
                     isa = XCBuildConfiguration;
                     buildSettings = {
                            COMBINE_HIDPI_IMAGES = YES;
                            DYLIB_COMPATIBILITY_VERSION = "";
                            DYLIB_CURRENT_VERSION = "";
                            EXECUTABLE_PREFIX = lib;
                            EXECUTABLE_SUFFIX = ".dylib";
                            GCC_GENERATE_DEBUGGING_SYMBOLS = YES;
                            GCC_INLINES_ARE_PRIVATE_EXTERN = NO;
                            GCC_OPTIMIZATION_LEVEL = 2;
                            GCC_PREPROCESSOR_DEFINITIONS = ("'CMAKE_INTDIR=\"$(CONFIGURATION)$(EFFECTIVE_PLATFORM_NAME)\"'", stresstest_EXPORTS, LITTLE_ENDIAN_BYTE_ALIGNED, HAS_PROTOCOL_HTTP, HAS_PROTOCOL_RTMP, HAS_PROTOCOL_LIVEFLV, HAS_PROTOCOL_RTP, HAS_PROTOCOL_TS, HAS_PROTOCOL_VAR, HAS_PROTOCOL_CLI, HAS_MEDIA_MP3, HAS_MEDIA_MP4, HAS_MEDIA_FLV, GLOBALLY_ACCOUNT_BYTES, "'CreateRTCPPacket=CreateRTCPPacket_mystyle_only_once'", "'FeedDataAudioMPEG4Generic=FeedDataAudioMPEG4Generic_one_by_one'", "'HandleTSVideoData=HandleVideoData_version3'", HAS_LUA, __USE_FILE_OFFSET64, "'_FILE_OFFSET_BITS=64'", OSX, NET_KQUEUE, );
                            GCC_SYMBOLS_PRIVATE_EXTERN = NO;
                            HEADER_SEARCH_PATHS = (/usr/local/include, /Users/zhangpeng/rtmp/crtmpserver/sources/common/include, /Users/zhangpeng/rtmp/crtmpserver/sources/thelib/include, /Users/zhangpeng/rtmp/crtmpserver/sources/applications/stresstest/include, );
                            INSTALL_PATH = /Users/zhangpeng/rtmp/crtmpserver/builders/xcode/applications/stresstest/RelWithDebInfo;
                            LIBRARY_SEARCH_PATHS = "";
                            LIBRARY_STYLE = DYNAMIC;
                            OTHER_CFLAGS = " -Wall -Wunused-private-field -mmacosx-version-min=10.5        -DNDEBUG -fPIC -I/Users/zhangpeng/rtmp/crtmpserver/builders/xcode/precompiled.gch/Debug.c++ -include common.h -Winvalid-pch  ";
                            OTHER_CPLUSPLUSFLAGS = " -Wall -Wunused-private-field -mmacosx-version-min=10.5 -fno-rtti        -DNDEBUG -fPIC -I/Users/zhangpeng/rtmp/crtmpserver/builders/xcode/precompiled.gch/Debug.c++ -include common.h -Winvalid-pch  ";
                            OTHER_LDFLAGS = "  -dynamiclib -Wl,-headerpad_max_install_names  /Users/zhangpeng/rtmp/crtmpserver/builders/xcode/thelib/RelWithDebInfo/libthelib.dylib /Users/zhangpeng/rtmp/crtmpserver/builders/xcode/common/RelWithDebInfo/libcommon.dylib /usr/local/lib/liblua.dylib /usr/local/lib/libtinyxml.dylib /usr/lib/libdl.dylib /usr/lib/libssl.dylib /usr/lib/libcrypto.dylib";
                            OTHER_REZFLAGS = "";
                            PRODUCT_NAME = stresstest;
                            SECTORDER_FLAGS = "";
                            SYMROOT = /Users/zhangpeng/rtmp/crtmpserver/builders/xcode/applications/stresstest;
                            USE_HEADERMAP = NO;
                            WARNING_CFLAGS = ("-Wmost", "-Wno-four-char-constants", "-Wno-unknown-pragmas", );
                     };
                     name = RelWithDebInfo;
              };
              E7B8987B64DE40CD87733D09 /* Debug */ = {
                     isa = XCBuildConfiguration;
                     buildSettings = {
                            COMBINE_HIDPI_IMAGES = YES;
                            GCC_GENERATE_DEBUGGING_SYMBOLS = NO;
                            GCC_INLINES_ARE_PRIVATE_EXTERN = NO;
                            GCC_OPTIMIZATION_LEVEL = 0;
                            GCC_PREPROCESSOR_DEFINITIONS = ("'CMAKE_INTDIR=\"$(CONFIGURATION)$(EFFECTIVE_PLATFORM_NAME)\"'", LITTLE_ENDIAN_BYTE_ALIGNED, HAS_PROTOCOL_HTTP, HAS_PROTOCOL_RTMP, HAS_PROTOCOL_LIVEFLV, HAS_PROTOCOL_RTP, HAS_PROTOCOL_TS, HAS_PROTOCOL_VAR, HAS_PROTOCOL_CLI, HAS_MEDIA_MP3, HAS_MEDIA_MP4, HAS_MEDIA_FLV, GLOBALLY_ACCOUNT_BYTES, "'CreateRTCPPacket=CreateRTCPPacket_mystyle_only_once'", "'FeedDataAudioMPEG4Generic=FeedDataAudioMPEG4Generic_one_by_one'", "'HandleTSVideoData=HandleVideoData_version3'", HAS_LUA, __USE_FILE_OFFSET64, "'_FILE_OFFSET_BITS=64'", OSX, NET_KQUEUE, );
                            GCC_SYMBOLS_PRIVATE_EXTERN = NO;
                            HEADER_SEARCH_PATHS = (/usr/local/include, /Users/zhangpeng/rtmp/crtmpserver/sources/common/include, /Users/zhangpeng/rtmp/crtmpserver/sources/thelib/include, /Users/zhangpeng/rtmp/crtmpserver/sources/applications/stresstest/include, );
                            INSTALL_PATH = "";
                            OTHER_CFLAGS = "  ";
                            OTHER_LDFLAGS = " ";
                            OTHER_REZFLAGS = "";
                            PRODUCT_NAME = stresstest_common_gch;
                            SECTORDER_FLAGS = "";
                            SYMROOT = /Users/zhangpeng/rtmp/crtmpserver/builders/xcode/applications/stresstest;
                            USE_HEADERMAP = NO;
                            WARNING_CFLAGS = ("-Wmost", "-Wno-four-char-constants", "-Wno-unknown-pragmas", );
                     };
                     name = Debug;
              };
              88DBB746097F4901A79E730B /* Release */ = {
                     isa = XCBuildConfiguration;
                     buildSettings = {
                            COMBINE_HIDPI_IMAGES = YES;
                            GCC_GENERATE_DEBUGGING_SYMBOLS = NO;
                            GCC_INLINES_ARE_PRIVATE_EXTERN = NO;
                            GCC_OPTIMIZATION_LEVEL = 0;
                            GCC_PREPROCESSOR_DEFINITIONS = ("'CMAKE_INTDIR=\"$(CONFIGURATION)$(EFFECTIVE_PLATFORM_NAME)\"'", LITTLE_ENDIAN_BYTE_ALIGNED, HAS_PROTOCOL_HTTP, HAS_PROTOCOL_RTMP, HAS_PROTOCOL_LIVEFLV, HAS_PROTOCOL_RTP, HAS_PROTOCOL_TS, HAS_PROTOCOL_VAR, HAS_PROTOCOL_CLI, HAS_MEDIA_MP3, HAS_MEDIA_MP4, HAS_MEDIA_FLV, GLOBALLY_ACCOUNT_BYTES, "'CreateRTCPPacket=CreateRTCPPacket_mystyle_only_once'", "'FeedDataAudioMPEG4Generic=FeedDataAudioMPEG4Generic_one_by_one'", "'HandleTSVideoData=HandleVideoData_version3'", HAS_LUA, __USE_FILE_OFFSET64, "'_FILE_OFFSET_BITS=64'", OSX, NET_KQUEUE, );
                            GCC_SYMBOLS_PRIVATE_EXTERN = NO;
                            HEADER_SEARCH_PATHS = (/usr/local/include, /Users/zhangpeng/rtmp/crtmpserver/sources/common/include, /Users/zhangpeng/rtmp/crtmpserver/sources/thelib/include, /Users/zhangpeng/rtmp/crtmpserver/sources/applications/stresstest/include, );
                            INSTALL_PATH = "";
                            OTHER_CFLAGS = "  ";
                            OTHER_LDFLAGS = " ";
                            OTHER_REZFLAGS = "";
                            PRODUCT_NAME = stresstest_common_gch;
                            SECTORDER_FLAGS = "";
                            SYMROOT = /Users/zhangpeng/rtmp/crtmpserver/builders/xcode/applications/stresstest;
                            USE_HEADERMAP = NO;
                            WARNING_CFLAGS = ("-Wmost", "-Wno-four-char-constants", "-Wno-unknown-pragmas", );
                     };
                     name = Release;
              };
              805B0EF47CC64571B8AED27B /* MinSizeRel */ = {
                     isa = XCBuildConfiguration;
                     buildSettings = {
                            COMBINE_HIDPI_IMAGES = YES;
                            GCC_GENERATE_DEBUGGING_SYMBOLS = NO;
                            GCC_INLINES_ARE_PRIVATE_EXTERN = NO;
                            GCC_OPTIMIZATION_LEVEL = 0;
                            GCC_PREPROCESSOR_DEFINITIONS = ("'CMAKE_INTDIR=\"$(CONFIGURATION)$(EFFECTIVE_PLATFORM_NAME)\"'", LITTLE_ENDIAN_BYTE_ALIGNED, HAS_PROTOCOL_HTTP, HAS_PROTOCOL_RTMP, HAS_PROTOCOL_LIVEFLV, HAS_PROTOCOL_RTP, HAS_PROTOCOL_TS, HAS_PROTOCOL_VAR, HAS_PROTOCOL_CLI, HAS_MEDIA_MP3, HAS_MEDIA_MP4, HAS_MEDIA_FLV, GLOBALLY_ACCOUNT_BYTES, "'CreateRTCPPacket=CreateRTCPPacket_mystyle_only_once'", "'FeedDataAudioMPEG4Generic=FeedDataAudioMPEG4Generic_one_by_one'", "'HandleTSVideoData=HandleVideoData_version3'", HAS_LUA, __USE_FILE_OFFSET64, "'_FILE_OFFSET_BITS=64'", OSX, NET_KQUEUE, );
                            GCC_SYMBOLS_PRIVATE_EXTERN = NO;
                            HEADER_SEARCH_PATHS = (/usr/local/include, /Users/zhangpeng/rtmp/crtmpserver/sources/common/include, /Users/zhangpeng/rtmp/crtmpserver/sources/thelib/include, /Users/zhangpeng/rtmp/crtmpserver/sources/applications/stresstest/include, );
                            INSTALL_PATH = "";
                            OTHER_CFLAGS = "  ";
                            OTHER_LDFLAGS = " ";
                            OTHER_REZFLAGS = "";
                            PRODUCT_NAME = stresstest_common_gch;
                            SECTORDER_FLAGS = "";
                            SYMROOT = /Users/zhangpeng/rtmp/crtmpserver/builders/xcode/applications/stresstest;
                            USE_HEADERMAP = NO;
                            WARNING_CFLAGS = ("-Wmost", "-Wno-four-char-constants", "-Wno-unknown-pragmas", );
                     };
                     name = MinSizeRel;
              };
              367334B1C62646148AFB1CDF /* RelWithDebInfo */ = {
                     isa = XCBuildConfiguration;
                     buildSettings = {
                            COMBINE_HIDPI_IMAGES = YES;
                            GCC_GENERATE_DEBUGGING_SYMBOLS = NO;
                            GCC_INLINES_ARE_PRIVATE_EXTERN = NO;
                            GCC_OPTIMIZATION_LEVEL = 0;
                            GCC_PREPROCESSOR_DEFINITIONS = ("'CMAKE_INTDIR=\"$(CONFIGURATION)$(EFFECTIVE_PLATFORM_NAME)\"'", LITTLE_ENDIAN_BYTE_ALIGNED, HAS_PROTOCOL_HTTP, HAS_PROTOCOL_RTMP, HAS_PROTOCOL_LIVEFLV, HAS_PROTOCOL_RTP, HAS_PROTOCOL_TS, HAS_PROTOCOL_VAR, HAS_PROTOCOL_CLI, HAS_MEDIA_MP3, HAS_MEDIA_MP4, HAS_MEDIA_FLV, GLOBALLY_ACCOUNT_BYTES, "'CreateRTCPPacket=CreateRTCPPacket_mystyle_only_once'", "'FeedDataAudioMPEG4Generic=FeedDataAudioMPEG4Generic_one_by_one'", "'HandleTSVideoData=HandleVideoData_version3'", HAS_LUA, __USE_FILE_OFFSET64, "'_FILE_OFFSET_BITS=64'", OSX, NET_KQUEUE, );
                            GCC_SYMBOLS_PRIVATE_EXTERN = NO;
                            HEADER_SEARCH_PATHS = (/usr/local/include, /Users/zhangpeng/rtmp/crtmpserver/sources/common/include, /Users/zhangpeng/rtmp/crtmpserver/sources/thelib/include, /Users/zhangpeng/rtmp/crtmpserver/sources/applications/stresstest/include, );
                            INSTALL_PATH = "";
                            OTHER_CFLAGS = "  ";
                            OTHER_LDFLAGS = " ";
                            OTHER_REZFLAGS = "";
                            PRODUCT_NAME = stresstest_common_gch;
                            SECTORDER_FLAGS = "";
                            SYMROOT = /Users/zhangpeng/rtmp/crtmpserver/builders/xcode/applications/stresstest;
                            USE_HEADERMAP = NO;
                            WARNING_CFLAGS = ("-Wmost", "-Wno-four-char-constants", "-Wno-unknown-pragmas", );
                     };
                     name = RelWithDebInfo;
              };
/* End XCBuildConfiguration section */

/* Begin XCConfigurationList section */
              D8D5C906DC1F4BF894B365A8 /* Build configuration list for PBXProject  "stresstest" */ = {
                     isa = XCConfigurationList;
                     buildConfigurations = (
                            497AE3AAE38D4B419133D723 /* Debug */,
                            EC7C96A31ECC4D9484465482 /* Release */,
                            EEAF9C17EEF443878ECEF2B5 /* MinSizeRel */,
                            CBA7786D0B174D8C8CE92465 /* RelWithDebInfo */,
                     );
                     defaultConfigurationIsVisible = 0;
                     defaultConfigurationName = Debug;
              };
              8376B1641740477CB6D6A68B /* Build configuration list for PBXAggregateTarget "ALL_BUILD" */ = {
                     isa = XCConfigurationList;
                     buildConfigurations = (
                            D82AA3EAD2194AE18D129979 /* Debug */,
                            9C57C1BC28834775949EC5EF /* Release */,
                            FA9CE2C4FB6D475BA0C097F2 /* MinSizeRel */,
                            2AB3E4C42E0941B09CD456D2 /* RelWithDebInfo */,
                     );
                     defaultConfigurationIsVisible = 0;
                     defaultConfigurationName = Debug;
              };
              F4B7593536AF4E32BA36AF65 /* Build configuration list for PBXAggregateTarget "ZERO_CHECK" */ = {
                     isa = XCConfigurationList;
                     buildConfigurations = (
                            CF9C7BBD91CC40FBAF9C1169 /* Debug */,
                            B73A93BCC1F042E2B7640158 /* Release */,
                            A1154D6E90E044A3A698F8FA /* MinSizeRel */,
                            74CFDE3806794239B1117EEE /* RelWithDebInfo */,
                     );
                     defaultConfigurationIsVisible = 0;
                     defaultConfigurationName = Debug;
              };
              ACE934814795425185D9BA35 /* Build configuration list for PBXAggregateTarget "install" */ = {
                     isa = XCConfigurationList;
                     buildConfigurations = (
                            0635B338428E4AF8BF04E876 /* Debug */,
                            1C9C6E29A3B94BE194D4ABC6 /* Release */,
                            FEAEF35CD4D4406F8A04EF82 /* MinSizeRel */,
                            90CDFA9F355142E68B65A74A /* RelWithDebInfo */,
                     );
                     defaultConfigurationIsVisible = 0;
                     defaultConfigurationName = Debug;
              };
              95EA0A5EE80C4D9BBB620982 /* Build configuration list for PBXNativeTarget "stresstest" */ = {
                     isa = XCConfigurationList;
                     buildConfigurations = (
                            74FA81E959704DF392833762 /* Debug */,
                            E46E9F0C7C544AF1825A7A0A /* Release */,
                            FCD2A5DA213141BFA6077EDC /* MinSizeRel */,
                            01C37F1B48594CD0B5B38223 /* RelWithDebInfo */,
                     );
                     defaultConfigurationIsVisible = 0;
                     defaultConfigurationName = Debug;
              };
              71ECC3E78DA84065B789A910 /* Build configuration list for PBXAggregateTarget "stresstest_common_gch" */ = {
                     isa = XCConfigurationList;
                     buildConfigurations = (
                            E7B8987B64DE40CD87733D09 /* Debug */,
                            88DBB746097F4901A79E730B /* Release */,
                            805B0EF47CC64571B8AED27B /* MinSizeRel */,
                            367334B1C62646148AFB1CDF /* RelWithDebInfo */,
                     );
                     defaultConfigurationIsVisible = 0;
                     defaultConfigurationName = Debug;
              };
/* End XCConfigurationList section */
       };
       rootObject = 76E084B6B62D4F66BC24984B;
}
